// !$*UTF8*$!
{
	archiveVersion = 1;
	classes = {
	};
	objectVersion = 46;
	objects = {

/* Begin PBXBuildFile section */
		2C168F971B4F2A5D00BD641B /* AppDelegate.swift in Sources */ = {isa = PBXBuildFile; fileRef = 2C168F961B4F2A5D00BD641B /* AppDelegate.swift */; };
		2C168F991B4F2A5D00BD641B /* GameScene.sks in Resources */ = {isa = PBXBuildFile; fileRef = 2C168F981B4F2A5D00BD641B /* GameScene.sks */; };
		2C168F9B1B4F2A5E00BD641B /* GameScene.swift in Sources */ = {isa = PBXBuildFile; fileRef = 2C168F9A1B4F2A5E00BD641B /* GameScene.swift */; };
		2C168F9D1B4F2A5E00BD641B /* GameViewController.swift in Sources */ = {isa = PBXBuildFile; fileRef = 2C168F9C1B4F2A5E00BD641B /* GameViewController.swift */; };
		2C168FA01B4F2A5E00BD641B /* Main.storyboard in Resources */ = {isa = PBXBuildFile; fileRef = 2C168F9E1B4F2A5E00BD641B /* Main.storyboard */; };
		2C168FA21B4F2A5E00BD641B /* Images.xcassets in Resources */ = {isa = PBXBuildFile; fileRef = 2C168FA11B4F2A5E00BD641B /* Images.xcassets */; };
		2C168FA51B4F2A5E00BD641B /* LaunchScreen.xib in Resources */ = {isa = PBXBuildFile; fileRef = 2C168FA31B4F2A5E00BD641B /* LaunchScreen.xib */; };
		2C168FB11B4F2A5E00BD641B /* DeeperSwiftTests.swift in Sources */ = {isa = PBXBuildFile; fileRef = 2C168FB01B4F2A5E00BD641B /* DeeperSwiftTests.swift */; };
		2C168FBB1B4F2B5000BD641B /* PlayScene.swift in Sources */ = {isa = PBXBuildFile; fileRef = 2C168FBA1B4F2B5000BD641B /* PlayScene.swift */; };
		2C168FBD1B4F2D0000BD641B /* Deeper in Resources */ = {isa = PBXBuildFile; fileRef = 2C168FBC1B4F2D0000BD641B /* Deeper */; };
/* End PBXBuildFile section */

/* Begin PBXContainerItemProxy section */
		2C168FAB1B4F2A5E00BD641B /* PBXContainerItemProxy */ = {
			isa = PBXContainerItemProxy;
			containerPortal = 2C168F891B4F2A5D00BD641B /* Project object */;
			proxyType = 1;
			remoteGlobalIDString = 2C168F901B4F2A5D00BD641B;
			remoteInfo = DeeperSwift;
		};
/* End PBXContainerItemProxy section */

/* Begin PBXFileReference section */
		2C168F911B4F2A5D00BD641B /* DeeperSwift.app */ = {isa = PBXFileReference; explicitFileType = wrapper.application; includeInIndex = 0; path = DeeperSwift.app; sourceTree = BUILT_PRODUCTS_DIR; };
		2C168F951B4F2A5D00BD641B /* Info.plist */ = {isa = PBXFileReference; lastKnownFileType = text.plist.xml; path = Info.plist; sourceTree = "<group>"; };
		2C168F961B4F2A5D00BD641B /* AppDelegate.swift */ = {isa = PBXFileReference; lastKnownFileType = sourcecode.swift; path = AppDelegate.swift; sourceTree = "<group>"; };
		2C168F981B4F2A5D00BD641B /* GameScene.sks */ = {isa = PBXFileReference; lastKnownFileType = file.sks; path = GameScene.sks; sourceTree = "<group>"; };
		2C168F9A1B4F2A5E00BD641B /* GameScene.swift */ = {isa = PBXFileReference; lastKnownFileType = sourcecode.swift; path = GameScene.swift; sourceTree = "<group>"; };
		2C168F9C1B4F2A5E00BD641B /* GameViewController.swift */ = {isa = PBXFileReference; lastKnownFileType = sourcecode.swift; path = GameViewController.swift; sourceTree = "<group>"; };
		2C168F9F1B4F2A5E00BD641B /* Base */ = {isa = PBXFileReference; lastKnownFileType = file.storyboard; name = Base; path = Base.lproj/Main.storyboard; sourceTree = "<group>"; };
		2C168FA11B4F2A5E00BD641B /* Images.xcassets */ = {isa = PBXFileReference; lastKnownFileType = folder.assetcatalog; path = Images.xcassets; sourceTree = "<group>"; };
		2C168FA41B4F2A5E00BD641B /* Base */ = {isa = PBXFileReference; lastKnownFileType = file.xib; name = Base; path = Base.lproj/LaunchScreen.xib; sourceTree = "<group>"; };
		2C168FAA1B4F2A5E00BD641B /* DeeperSwiftTests.xctest */ = {isa = PBXFileReference; explicitFileType = wrapper.cfbundle; includeInIndex = 0; path = DeeperSwiftTests.xctest; sourceTree = BUILT_PRODUCTS_DIR; };
		2C168FAF1B4F2A5E00BD641B /* Info.plist */ = {isa = PBXFileReference; lastKnownFileType = text.plist.xml; path = Info.plist; sourceTree = "<group>"; };
		2C168FB01B4F2A5E00BD641B /* DeeperSwiftTests.swift */ = {isa = PBXFileReference; lastKnownFileType = sourcecode.swift; path = DeeperSwiftTests.swift; sourceTree = "<group>"; };
		2C168FBA1B4F2B5000BD641B /* PlayScene.swift */ = {isa = PBXFileReference; fileEncoding = 4; lastKnownFileType = sourcecode.swift; path = PlayScene.swift; sourceTree = "<group>"; };
		2C168FBC1B4F2D0000BD641B /* Deeper */ = {isa = PBXFileReference; lastKnownFileType = folder; path = Deeper; sourceTree = "<group>"; };
/* End PBXFileReference section */

/* Begin PBXFrameworksBuildPhase section */
		2C168F8E1B4F2A5D00BD641B /* Frameworks */ = {
			isa = PBXFrameworksBuildPhase;
			buildActionMask = 2147483647;
			files = (
			);
			runOnlyForDeploymentPostprocessing = 0;
		};
		2C168FA71B4F2A5E00BD641B /* Frameworks */ = {
			isa = PBXFrameworksBuildPhase;
			buildActionMask = 2147483647;
			files = (
			);
			runOnlyForDeploymentPostprocessing = 0;
		};
/* End PBXFrameworksBuildPhase section */

/* Begin PBXGroup section */
		2C168F881B4F2A5D00BD641B = {
			isa = PBXGroup;
			children = (
				2C168F931B4F2A5D00BD641B /* DeeperSwift */,
				2C168FAD1B4F2A5E00BD641B /* DeeperSwiftTests */,
				2C168F921B4F2A5D00BD641B /* Products */,
			);
			sourceTree = "<group>";
		};
		2C168F921B4F2A5D00BD641B /* Products */ = {
			isa = PBXGroup;
			children = (
				2C168F911B4F2A5D00BD641B /* DeeperSwift.app */,
				2C168FAA1B4F2A5E00BD641B /* DeeperSwiftTests.xctest */,
			);
			name = Products;
			sourceTree = "<group>";
		};
		2C168F931B4F2A5D00BD641B /* DeeperSwift */ = {
			isa = PBXGroup;
			children = (
				2C168F961B4F2A5D00BD641B /* AppDelegate.swift */,
				2C168F981B4F2A5D00BD641B /* GameScene.sks */,
				2C168F9A1B4F2A5E00BD641B /* GameScene.swift */,
				2C168FBA1B4F2B5000BD641B /* PlayScene.swift */,
				2C168F9C1B4F2A5E00BD641B /* GameViewController.swift */,
				2C168F9E1B4F2A5E00BD641B /* Main.storyboard */,
				2C168FA11B4F2A5E00BD641B /* Images.xcassets */,
				2C168FBC1B4F2D0000BD641B /* Deeper */,
				2C168FA31B4F2A5E00BD641B /* LaunchScreen.xib */,
				2C168F941B4F2A5D00BD641B /* Supporting Files */,
			);
			path = DeeperSwift;
			sourceTree = "<group>";
		};
		2C168F941B4F2A5D00BD641B /* Supporting Files */ = {
			isa = PBXGroup;
			children = (
				2C168F951B4F2A5D00BD641B /* Info.plist */,
			);
			name = "Supporting Files";
			sourceTree = "<group>";
		};
		2C168FAD1B4F2A5E00BD641B /* DeeperSwiftTests */ = {
			isa = PBXGroup;
			children = (
				2C168FB01B4F2A5E00BD641B /* DeeperSwiftTests.swift */,
				2C168FAE1B4F2A5E00BD641B /* Supporting Files */,
			);
			path = DeeperSwiftTests;
			sourceTree = "<group>";
		};
		2C168FAE1B4F2A5E00BD641B /* Supporting Files */ = {
			isa = PBXGroup;
			children = (
				2C168FAF1B4F2A5E00BD641B /* Info.plist */,
			);
			name = "Supporting Files";
			sourceTree = "<group>";
		};
/* End PBXGroup section */

/* Begin PBXNativeTarget section */
		2C168F901B4F2A5D00BD641B /* DeeperSwift */ = {
			isa = PBXNativeTarget;
			buildConfigurationList = 2C168FB41B4F2A5E00BD641B /* Build configuration list for PBXNativeTarget "DeeperSwift" */;
			buildPhases = (
				2C168F8D1B4F2A5D00BD641B /* Sources */,
				2C168F8E1B4F2A5D00BD641B /* Frameworks */,
				2C168F8F1B4F2A5D00BD641B /* Resources */,
			);
			buildRules = (
			);
			dependencies = (
			);
			name = DeeperSwift;
			productName = DeeperSwift;
			productReference = 2C168F911B4F2A5D00BD641B /* DeeperSwift.app */;
			productType = "com.apple.product-type.application";
		};
		2C168FA91B4F2A5E00BD641B /* DeeperSwiftTests */ = {
			isa = PBXNativeTarget;
			buildConfigurationList = 2C168FB71B4F2A5E00BD641B /* Build configuration list for PBXNativeTarget "DeeperSwiftTests" */;
			buildPhases = (
				2C168FA61B4F2A5E00BD641B /* Sources */,
				2C168FA71B4F2A5E00BD641B /* Frameworks */,
				2C168FA81B4F2A5E00BD641B /* Resources */,
			);
			buildRules = (
			);
			dependencies = (
				2C168FAC1B4F2A5E00BD641B /* PBXTargetDependency */,
			);
			name = DeeperSwiftTests;
			productName = DeeperSwiftTests;
			productReference = 2C168FAA1B4F2A5E00BD641B /* DeeperSwiftTests.xctest */;
			productType = "com.apple.product-type.bundle.unit-test";
		};
/* End PBXNativeTarget section */

/* Begin PBXProject section */
		2C168F891B4F2A5D00BD641B /* Project object */ = {
			isa = PBXProject;
			attributes = {
				LastUpgradeCheck = 0640;
				ORGANIZATIONNAME = "Vladimir Nybozhinsky";
				TargetAttributes = {
					2C168F901B4F2A5D00BD641B = {
						CreatedOnToolsVersion = 6.4;
					};
					2C168FA91B4F2A5E00BD641B = {
						CreatedOnToolsVersion = 6.4;
						TestTargetID = 2C168F901B4F2A5D00BD641B;
					};
				};
			};
			buildConfigurationList = 2C168F8C1B4F2A5D00BD641B /* Build configuration list for PBXProject "DeeperSwift" */;
			compatibilityVersion = "Xcode 3.2";
			developmentRegion = English;
			hasScannedForEncodings = 0;
			knownRegions = (
				en,
				Base,
			);
			mainGroup = 2C168F881B4F2A5D00BD641B;
			productRefGroup = 2C168F921B4F2A5D00BD641B /* Products */;
			projectDirPath = "";
			projectRoot = "";
			targets = (
				2C168F901B4F2A5D00BD641B /* DeeperSwift */,
				2C168FA91B4F2A5E00BD641B /* DeeperSwiftTests */,
			);
		};
/* End PBXProject section */

/* Begin PBXResourcesBuildPhase section */
		2C168F8F1B4F2A5D00BD641B /* Resources */ = {
			isa = PBXResourcesBuildPhase;
			buildActionMask = 2147483647;
			files = (
				2C168FBD1B4F2D0000BD641B /* Deeper in Resources */,
				2C168FA51B4F2A5E00BD641B /* LaunchScreen.xib in Resources */,
				2C168FA21B4F2A5E00BD641B /* Images.xcassets in Resources */,
				2C168F991B4F2A5D00BD641B /* GameScene.sks in Resources */,
				2C168FA01B4F2A5E00BD641B /* Main.storyboard in Resources */,
			);
			runOnlyForDeploymentPostprocessing = 0;
		};
		2C168FA81B4F2A5E00BD641B /* Resources */ = {
			isa = PBXResourcesBuildPhase;
			buildActionMask = 2147483647;
			files = (
			);
			runOnlyForDeploymentPostprocessing = 0;
		};
/* End PBXResourcesBuildPhase section */

/* Begin PBXSourcesBuildPhase section */
		2C168F8D1B4F2A5D00BD641B /* Sources */ = {
			isa = PBXSourcesBuildPhase;
			buildActionMask = 2147483647;
			files = (
				2C168F9B1B4F2A5E00BD641B /* GameScene.swift in Sources */,
				2C168F9D1B4F2A5E00BD641B /* GameViewController.swift in Sources */,
				2C168FBB1B4F2B5000BD641B /* PlayScene.swift in Sources */,
				2C168F971B4F2A5D00BD641B /* AppDelegate.swift in Sources */,
			);
			runOnlyForDeploymentPostprocessing = 0;
		};
		2C168FA61B4F2A5E00BD641B /* Sources */ = {
			isa = PBXSourcesBuildPhase;
			buildActionMask = 2147483647;
			files = (
				2C168FB11B4F2A5E00BD641B /* DeeperSwiftTests.swift in Sources */,
			);
			runOnlyForDeploymentPostprocessing = 0;
		};
/* End PBXSourcesBuildPhase section */

/* Begin PBXTargetDependency section */
		2C168FAC1B4F2A5E00BD641B /* PBXTargetDependency */ = {
			isa = PBXTargetDependency;
			target = 2C168F901B4F2A5D00BD641B /* DeeperSwift */;
			targetProxy = 2C168FAB1B4F2A5E00BD641B /* PBXContainerItemProxy */;
		};
/* End PBXTargetDependency section */

/* Begin PBXVariantGroup section */
		2C168F9E1B4F2A5E00BD641B /* Main.storyboard */ = {
			isa = PBXVariantGroup;
			children = (
				2C168F9F1B4F2A5E00BD641B /* Base */,
			);
			name = Main.storyboard;
			sourceTree = "<group>";
		};
		2C168FA31B4F2A5E00BD641B /* LaunchScreen.xib */ = {
			isa = PBXVariantGroup;
			children = (
				2C168FA41B4F2A5E00BD641B /* Base */,
			);
			name = LaunchScreen.xib;
			sourceTree = "<group>";
		};
/* End PBXVariantGroup section */

/* Begin XCBuildConfiguration section */
		2C168FB21B4F2A5E00BD641B /* Debug */ = {
			isa = XCBuildConfiguration;
			buildSettings = {
				ALWAYS_SEARCH_USER_PATHS = NO;
				CLANG_CXX_LANGUAGE_STANDARD = "gnu++0x";
				CLANG_CXX_LIBRARY = "libc++";
				CLANG_ENABLE_MODULES = YES;
				CLANG_ENABLE_OBJC_ARC = YES;
				CLANG_WARN_BOOL_CONVERSION = YES;
				CLANG_WARN_CONSTANT_CONVERSION = YES;
				CLANG_WARN_DIRECT_OBJC_ISA_USAGE = YES_ERROR;
				CLANG_WARN_EMPTY_BODY = YES;
				CLANG_WARN_ENUM_CONVERSION = YES;
				CLANG_WARN_INT_CONVERSION = YES;
				CLANG_WARN_OBJC_ROOT_CLASS = YES_ERROR;
				CLANG_WARN_UNREACHABLE_CODE = YES;
				CLANG_WARN__DUPLICATE_METHOD_MATCH = YES;
				"CODE_SIGN_IDENTITY[sdk=iphoneos*]" = "iPhone Developer";
				COPY_PHASE_STRIP = NO;
				DEBUG_INFORMATION_FORMAT = "dwarf-with-dsym";
				ENABLE_STRICT_OBJC_MSGSEND = YES;
				GCC_C_LANGUAGE_STANDARD = gnu99;
				GCC_DYNAMIC_NO_PIC = NO;
				GCC_NO_COMMON_BLOCKS = YES;
				GCC_OPTIMIZATION_LEVEL = 0;
				GCC_PREPROCESSOR_DEFINITIONS = (
					"DEBUG=1",
					"$(inherited)",
				);
				GCC_SYMBOLS_PRIVATE_EXTERN = NO;
				GCC_WARN_64_TO_32_BIT_CONVERSION = YES;
				GCC_WARN_ABOUT_RETURN_TYPE = YES_ERROR;
				GCC_WARN_UNDECLARED_SELECTOR = YES;
				GCC_WARN_UNINITIALIZED_AUTOS = YES_AGGRESSIVE;
				GCC_WARN_UNUSED_FUNCTION = YES;
				GCC_WARN_UNUSED_VARIABLE = YES;
				IPHONEOS_DEPLOYMENT_TARGET = 8.4;
				MTL_ENABLE_DEBUG_INFO = YES;
				ONLY_ACTIVE_ARCH = YES;
				SDKROOT = iphoneos;
				SWIFT_OPTIMIZATION_LEVEL = "-Onone";
				TARGETED_DEVICE_FAMILY = 2;
			};
			name = Debug;
		};
		2C168FB31B4F2A5E00BD641B /* Release */ = {
			isa = XCBuildConfiguration;
			buildSettings = {
				ALWAYS_SEARCH_USER_PATHS = NO;
				CLANG_CXX_LANGUAGE_STANDARD = "gnu++0x";
				CLANG_CXX_LIBRARY = "libc++";
				CLANG_ENABLE_MODULES = YES;
				CLANG_ENABLE_OBJC_ARC = YES;
				CLANG_WARN_BOOL_CONVERSION = YES;
				CLANG_WARN_CONSTANT_CONVERSION = YES;
				CLANG_WARN_DIRECT_OBJC_ISA_USAGE = YES_ERROR;
				CLANG_WARN_EMPTY_BODY = YES;
				CLANG_WARN_ENUM_CONVERSION = YES;
				CLANG_WARN_INT_CONVERSION = YES;
				CLANG_WARN_OBJC_ROOT_CLASS = YES_ERROR;
				CLANG_WARN_UNREACHABLE_CODE = YES;
				CLANG_WARN__DUPLICATE_METHOD_MATCH = YES;
				"CODE_SIGN_IDENTITY[sdk=iphoneos*]" = "iPhone Developer";
				COPY_PHASE_STRIP = NO;
				DEBUG_INFORMATION_FORMAT = "dwarf-with-dsym";
				ENABLE_NS_ASSERTIONS = NO;
				ENABLE_STRICT_OBJC_MSGSEND = YES;
				GCC_C_LANGUAGE_STANDARD = gnu99;
				GCC_NO_COMMON_BLOCKS = YES;
				GCC_WARN_64_TO_32_BIT_CONVERSION = YES;
				GCC_WARN_ABOUT_RETURN_TYPE = YES_ERROR;
				GCC_WARN_UNDECLARED_SELECTOR = YES;
				GCC_WARN_UNINITIALIZED_AUTOS = YES_AGGRESSIVE;
				GCC_WARN_UNUSED_FUNCTION = YES;
				GCC_WARN_UNUSED_VARIABLE = YES;
				IPHONEOS_DEPLOYMENT_TARGET = 8.4;
				MTL_ENABLE_DEBUG_INFO = NO;
				SDKROOT = iphoneos;
				TARGETED_DEVICE_FAMILY = 2;
				VALIDATE_PRODUCT = YES;
			};
			name = Release;
		};
		2C168FB51B4F2A5E00BD641B /* Debug */ = {
			isa = XCBuildConfiguration;
			buildSettings = {
				ASSETCATALOG_COMPILER_APPICON_NAME = AppIcon;
				INFOPLIST_FILE = DeeperSwift/Info.plist;
				LD_RUNPATH_SEARCH_PATHS = "$(inherited) @executable_path/Frameworks";
				PRODUCT_NAME = "$(TARGET_NAME)";
			};
			name = Debug;
		};
		2C168FB61B4F2A5E00BD641B /* Release */ = {
			isa = XCBuildConfiguration;
			buildSettings = {
				ASSETCATALOG_COMPILER_APPICON_NAME = AppIcon;
				INFOPLIST_FILE = DeeperSwift/Info.plist;
				LD_RUNPATH_SEARCH_PATHS = "$(inherited) @executable_path/Frameworks";
				PRODUCT_NAME = "$(TARGET_NAME)";
			};
			name = Release;
		};
		2C168FB81B4F2A5E00BD641B /* Debug */ = {
			isa = XCBuildConfiguration;
			buildSettings = {
				BUNDLE_LOADER = "$(TEST_HOST)";
				FRAMEWORK_SEARCH_PATHS = (
					"$(SDKROOT)/Developer/Library/Frameworks",
					"$(inherited)",
				);
				GCC_PREPROCESSOR_DEFINITIONS = (
					"DEBUG=1",
					"$(inherited)",
				);
				INFOPLIST_FILE = DeeperSwiftTests/Info.plist;
				LD_RUNPATH_SEARCH_PATHS = "$(inherited) @executable_path/Frameworks @loader_path/Frameworks";
				PRODUCT_NAME = "$(TARGET_NAME)";
				TEST_HOST = "$(BUILT_PRODUCTS_DIR)/DeeperSwift.app/DeeperSwift";
			};
			name = Debug;
		};
		2C168FB91B4F2A5E00BD641B /* Release */ = {
			isa = XCBuildConfiguration;
			buildSettings = {
				BUNDLE_LOADER = "$(TEST_HOST)";
				FRAMEWORK_SEARCH_PATHS = (
					"$(SDKROOT)/Developer/Library/Frameworks",
					"$(inherited)",
				);
				INFOPLIST_FILE = DeeperSwiftTests/Info.plist;
				LD_RUNPATH_SEARCH_PATHS = "$(inherited) @executable_path/Frameworks @loader_path/Frameworks";
				PRODUCT_NAME = "$(TARGET_NAME)";
				TEST_HOST = "$(BUILT_PRODUCTS_DIR)/DeeperSwift.app/DeeperSwift";
			};
			name = Release;
		};
/* End XCBuildConfiguration section */

/* Begin XCConfigurationList section */
		2C168F8C1B4F2A5D00BD641B /* Build configuration list for PBXProject "DeeperSwift" */ = {
			isa = XCConfigurationList;
			buildConfigurations = (
				2C168FB21B4F2A5E00BD641B /* Debug */,
				2C168FB31B4F2A5E00BD641B /* Release */,
			);
			defaultConfigurationIsVisible = 0;
			defaultConfigurationName = Release;
		};
		2C168FB41B4F2A5E00BD641B /* Build configuration list for PBXNativeTarget "DeeperSwift" */ = {
			isa = XCConfigurationList;
			buildConfigurations = (
				2C168FB51B4F2A5E00BD641B /* Debug */,
				2C168FB61B4F2A5E00BD641B /* Release */,
			);
			defaultConfigurationIsVisible = 0;
		};
		2C168FB71B4F2A5E00BD641B /* Build configuration list for PBXNativeTarget "DeeperSwiftTests" */ = {
			isa = XCConfigurationList;
			buildConfigurations = (
				2C168FB81B4F2A5E00BD641B /* Debug */,
				2C168FB91B4F2A5E00BD641B /* Release */,
			);
			defaultConfigurationIsVisible = 0;
		};
/* End XCConfigurationList section */
	};
	rootObject = 2C168F891B4F2A5D00BD641B /* Project object */;
}
